
Microsoft Visual Studio Solution File, Format Version 12.00
# Visual Studio Version 17
VisualStudioVersion = 17.11.35312.102
MinimumVisualStudioVersion = 10.0.40219.1
Project("{FAE04EC0-301F-11D3-BF4B-00C04F79EFBC}") = "MvcMovie", "MvcMovie\MvcMovie.csproj", "{876684DE-ABD9-44F5-9FFC-52E126650F80}"
EndProject
Global
	GlobalSection(SolutionConfigurationPlatforms) = preSolution
		Debug|Any CPU = Debug|Any CPU
		Release|Any CPU = Release|Any CPU
	EndGlobalSection
	GlobalSection(ProjectConfigurationPlatforms) = postSolution
		{876684DE-ABD9-44F5-9FFC-52E126650F80}.Debug|Any CPU.ActiveCfg = Debug|Any CPU
		{876684DE-ABD9-44F5-9FFC-52E126650F80}.Debug|Any CPU.Build.0 = Debug|Any CPU
		{876684DE-ABD9-44F5-9FFC-52E126650F80}.Release|Any CPU.ActiveCfg = Release|Any CPU
		{876684DE-ABD9-44F5-9FFC-52E126650F80}.Release|Any CPU.Build.0 = Release|Any CPU
	EndGlobalSection
	GlobalSection(SolutionProperties) = preSolution
		HideSolutionNode = FALSE
	EndGlobalSection
	GlobalSection(ExtensibilityGlobals) = postSolution
		SolutionGuid = {3036CFAD-9AEC-4364-AB4F-FBBB9D0E28D2}
	EndGlobalSection
EndGlobal
